# This file is automatically @generated by Cargo.
# It is not intended for manual editing.
version = 3

[[package]]
name = "libconfarg"
version = "0.1.0"

[[package]]
name = "libstream"
version = "0.1.0"

[[package]]
name = "ls"
version = "0.4.0"
dependencies = [
 "libconfarg",
 "libstream",
]

[[package]]
name = "show"
version = "0.8.0"
dependencies = [
 "libconfarg",
 "libstream",
]
