# This file is automatically @generated by Cargo.
# It is not intended for manual editing.
version = 3

[[package]]
name = "huginn"
version = "0.1.0"
dependencies = [
 "libcommand",
 "libstream",
]

[[package]]
name = "libcommand"
version = "0.1.0"
dependencies = [
 "libstream",
]

[[package]]
name = "libconfarg"
version = "0.5.2"

[[package]]
name = "libfile"
version = "0.1.0"
dependencies = [
 "libstream",
]

[[package]]
name = "libstream"
version = "0.6.3"

[[package]]
name = "rune"
version = "0.42.19"
dependencies = [
 "libconfarg",
 "libfile",
 "libstream",
]

[[package]]
name = "search"
version = "0.6.1"
dependencies = [
 "libconfarg",
 "libstream",
]
