# This file is automatically @generated by Cargo.
# It is not intended for manual editing.
version = 3

[[package]]
name = "libconfarg"
version = "0.5.2"

[[package]]
name = "libfile"
version = "0.1.0"
dependencies = [
 "libstream",
]

[[package]]
name = "libstream"
version = "0.6.3"

[[package]]
name = "ls"
version = "0.7.7"
dependencies = [
 "libconfarg",
 "libfile",
 "libstream",
]

[[package]]
name = "rune"
version = "0.1.0"

[[package]]
name = "search"
version = "0.6.1"
dependencies = [
 "libconfarg",
 "libstream",
]

[[package]]
name = "show"
version = "0.14.3"
dependencies = [
 "libconfarg",
 "libfile",
 "libstream",
]
